
Microsoft Visual Studio Solution File, Format Version 12.00
# Visual Studio 15
VisualStudioVersion = 15.0.26730.8
MinimumVisualStudioVersion = 10.0.40219.1
Project("{FAE04EC0-301F-11D3-BF4B-00C04F79EFBC}") = "DocumentDBE17Start", "DocumentDBE17Start\DocumentDBE17Start.csproj", "{21D768BD-C123-4DD3-9A52-184BFAC14ACC}"
EndProject
Global
	GlobalSection(SolutionConfigurationPlatforms) = preSolution
		Debug|Any CPU = Debug|Any CPU
		Release|Any CPU = Release|Any CPU
	EndGlobalSection
	GlobalSection(ProjectConfigurationPlatforms) = postSolution
		{21D768BD-C123-4DD3-9A52-184BFAC14ACC}.Debug|Any CPU.ActiveCfg = Debug|Any CPU
		{21D768BD-C123-4DD3-9A52-184BFAC14ACC}.Debug|Any CPU.Build.0 = Debug|Any CPU
		{21D768BD-C123-4DD3-9A52-184BFAC14ACC}.Release|Any CPU.ActiveCfg = Release|Any CPU
		{21D768BD-C123-4DD3-9A52-184BFAC14ACC}.Release|Any CPU.Build.0 = Release|Any CPU
	EndGlobalSection
	GlobalSection(SolutionProperties) = preSolution
		HideSolutionNode = FALSE
	EndGlobalSection
	GlobalSection(ExtensibilityGlobals) = postSolution
		SolutionGuid = {608D27E8-3C87-4790-BD20-B65A26570561}
	EndGlobalSection
EndGlobal
