
Microsoft Visual Studio Solution File, Format Version 12.00
# Visual Studio 15
VisualStudioVersion = 15.0.26730.16
MinimumVisualStudioVersion = 10.0.40219.1
Project("{FAE04EC0-301F-11D3-BF4B-00C04F79EFBC}") = "UseApplication", "UseApplication\UseApplication.csproj", "{0BC69B90-3C23-49C8-AB3D-3D52C3F357F1}"
EndProject
Project("{FAE04EC0-301F-11D3-BF4B-00C04F79EFBC}") = "ApplicationLogic", "ApplicationLogic\ApplicationLogic.csproj", "{C9253655-E51B-40D4-BA2A-9FB9ABB4BADF}"
EndProject
Project("{FAE04EC0-301F-11D3-BF4B-00C04F79EFBC}") = "Infrastructure", "Infrastructure\Infrastructure.csproj", "{F994B627-9835-407E-9B5F-EBEA2F71D590}"
EndProject
Project("{00D1A9C2-B5F0-4AF3-8072-F6C62B433612}") = "CraftManDB", "CraftManDB\CraftManDB.sqlproj", "{B5B8548A-7CBD-44C8-BA65-5802AAED954A}"
EndProject
Project("{FAE04EC0-301F-11D3-BF4B-00C04F79EFBC}") = "DomaineModel", "DomaineModel\DomaineModel.csproj", "{28714004-E4F7-4BEF-9D2E-71590FD0DECD}"
EndProject
Global
	GlobalSection(SolutionConfigurationPlatforms) = preSolution
		Debug|Any CPU = Debug|Any CPU
		Release|Any CPU = Release|Any CPU
	EndGlobalSection
	GlobalSection(ProjectConfigurationPlatforms) = postSolution
		{0BC69B90-3C23-49C8-AB3D-3D52C3F357F1}.Debug|Any CPU.ActiveCfg = Debug|Any CPU
		{0BC69B90-3C23-49C8-AB3D-3D52C3F357F1}.Debug|Any CPU.Build.0 = Debug|Any CPU
		{0BC69B90-3C23-49C8-AB3D-3D52C3F357F1}.Release|Any CPU.ActiveCfg = Release|Any CPU
		{0BC69B90-3C23-49C8-AB3D-3D52C3F357F1}.Release|Any CPU.Build.0 = Release|Any CPU
		{C9253655-E51B-40D4-BA2A-9FB9ABB4BADF}.Debug|Any CPU.ActiveCfg = Debug|Any CPU
		{C9253655-E51B-40D4-BA2A-9FB9ABB4BADF}.Debug|Any CPU.Build.0 = Debug|Any CPU
		{C9253655-E51B-40D4-BA2A-9FB9ABB4BADF}.Release|Any CPU.ActiveCfg = Release|Any CPU
		{C9253655-E51B-40D4-BA2A-9FB9ABB4BADF}.Release|Any CPU.Build.0 = Release|Any CPU
		{F994B627-9835-407E-9B5F-EBEA2F71D590}.Debug|Any CPU.ActiveCfg = Debug|Any CPU
		{F994B627-9835-407E-9B5F-EBEA2F71D590}.Debug|Any CPU.Build.0 = Debug|Any CPU
		{F994B627-9835-407E-9B5F-EBEA2F71D590}.Release|Any CPU.ActiveCfg = Release|Any CPU
		{F994B627-9835-407E-9B5F-EBEA2F71D590}.Release|Any CPU.Build.0 = Release|Any CPU
		{B5B8548A-7CBD-44C8-BA65-5802AAED954A}.Debug|Any CPU.ActiveCfg = Debug|Any CPU
		{B5B8548A-7CBD-44C8-BA65-5802AAED954A}.Debug|Any CPU.Build.0 = Debug|Any CPU
		{B5B8548A-7CBD-44C8-BA65-5802AAED954A}.Debug|Any CPU.Deploy.0 = Debug|Any CPU
		{B5B8548A-7CBD-44C8-BA65-5802AAED954A}.Release|Any CPU.ActiveCfg = Release|Any CPU
		{B5B8548A-7CBD-44C8-BA65-5802AAED954A}.Release|Any CPU.Build.0 = Release|Any CPU
		{B5B8548A-7CBD-44C8-BA65-5802AAED954A}.Release|Any CPU.Deploy.0 = Release|Any CPU
		{28714004-E4F7-4BEF-9D2E-71590FD0DECD}.Debug|Any CPU.ActiveCfg = Debug|Any CPU
		{28714004-E4F7-4BEF-9D2E-71590FD0DECD}.Debug|Any CPU.Build.0 = Debug|Any CPU
		{28714004-E4F7-4BEF-9D2E-71590FD0DECD}.Release|Any CPU.ActiveCfg = Release|Any CPU
		{28714004-E4F7-4BEF-9D2E-71590FD0DECD}.Release|Any CPU.Build.0 = Release|Any CPU
	EndGlobalSection
	GlobalSection(SolutionProperties) = preSolution
		HideSolutionNode = FALSE
	EndGlobalSection
	GlobalSection(ExtensibilityGlobals) = postSolution
		SolutionGuid = {608D27E8-3C87-4790-BD20-B65A26570561}
	EndGlobalSection
EndGlobal
